// !$*UTF8*$!
{
	archiveVersion = 1;
	classes = {
	};
	objectVersion = 56;
	objects = {

/* Begin PBXBuildFile section */
		C9D933B229F1F17600E22EE0 /* Folder_Symbol_GeneratorApp.swift in Sources */ = {isa = PBXBuildFile; fileRef = C9D933B129F1F17600E22EE0 /* Folder_Symbol_GeneratorApp.swift */; };
		C9D933B429F1F17600E22EE0 /* ContentView.swift in Sources */ = {isa = PBXBuildFile; fileRef = C9D933B329F1F17600E22EE0 /* ContentView.swift */; };
		C9D933B629F1F17800E22EE0 /* Assets.xcassets in Resources */ = {isa = PBXBuildFile; fileRef = C9D933B529F1F17800E22EE0 /* Assets.xcassets */; };
		C9D933B929F1F17800E22EE0 /* Preview Assets.xcassets in Resources */ = {isa = PBXBuildFile; fileRef = C9D933B829F1F17800E22EE0 /* Preview Assets.xcassets */; };
		C9D933C429F1F17800E22EE0 /* Folder_Symbol_GeneratorTests.swift in Sources */ = {isa = PBXBuildFile; fileRef = C9D933C329F1F17800E22EE0 /* Folder_Symbol_GeneratorTests.swift */; };
		C9D933CE29F1F17800E22EE0 /* Folder_Symbol_GeneratorUITests.swift in Sources */ = {isa = PBXBuildFile; fileRef = C9D933CD29F1F17800E22EE0 /* Folder_Symbol_GeneratorUITests.swift */; };
		C9D933D029F1F17800E22EE0 /* Folder_Symbol_GeneratorUITestsLaunchTests.swift in Sources */ = {isa = PBXBuildFile; fileRef = C9D933CF29F1F17800E22EE0 /* Folder_Symbol_GeneratorUITestsLaunchTests.swift */; };
/* End PBXBuildFile section */

/* Begin PBXContainerItemProxy section */
		C9D933C029F1F17800E22EE0 /* PBXContainerItemProxy */ = {
			isa = PBXContainerItemProxy;
			containerPortal = C9D933A629F1F17600E22EE0 /* Project object */;
			proxyType = 1;
			remoteGlobalIDString = C9D933AD29F1F17600E22EE0;
			remoteInfo = "Folder Symbol Generator";
		};
		C9D933CA29F1F17800E22EE0 /* PBXContainerItemProxy */ = {
			isa = PBXContainerItemProxy;
			containerPortal = C9D933A629F1F17600E22EE0 /* Project object */;
			proxyType = 1;
			remoteGlobalIDString = C9D933AD29F1F17600E22EE0;
			remoteInfo = "Folder Symbol Generator";
		};
/* End PBXContainerItemProxy section */

/* Begin PBXFileReference section */
		C9D933AE29F1F17600E22EE0 /* Folder Symbol Generator.app */ = {isa = PBXFileReference; explicitFileType = wrapper.application; includeInIndex = 0; path = "Folder Symbol Generator.app"; sourceTree = BUILT_PRODUCTS_DIR; };
		C9D933B129F1F17600E22EE0 /* Folder_Symbol_GeneratorApp.swift */ = {isa = PBXFileReference; lastKnownFileType = sourcecode.swift; path = Folder_Symbol_GeneratorApp.swift; sourceTree = "<group>"; };
		C9D933B329F1F17600E22EE0 /* ContentView.swift */ = {isa = PBXFileReference; lastKnownFileType = sourcecode.swift; path = ContentView.swift; sourceTree = "<group>"; };
		C9D933B529F1F17800E22EE0 /* Assets.xcassets */ = {isa = PBXFileReference; lastKnownFileType = folder.assetcatalog; path = Assets.xcassets; sourceTree = "<group>"; };
		C9D933B829F1F17800E22EE0 /* Preview Assets.xcassets */ = {isa = PBXFileReference; lastKnownFileType = folder.assetcatalog; path = "Preview Assets.xcassets"; sourceTree = "<group>"; };
		C9D933BA29F1F17800E22EE0 /* Folder_Symbol_Generator.entitlements */ = {isa = PBXFileReference; lastKnownFileType = text.plist.entitlements; path = Folder_Symbol_Generator.entitlements; sourceTree = "<group>"; };
		C9D933BF29F1F17800E22EE0 /* Folder Symbol GeneratorTests.xctest */ = {isa = PBXFileReference; explicitFileType = wrapper.cfbundle; includeInIndex = 0; path = "Folder Symbol GeneratorTests.xctest"; sourceTree = BUILT_PRODUCTS_DIR; };
		C9D933C329F1F17800E22EE0 /* Folder_Symbol_GeneratorTests.swift */ = {isa = PBXFileReference; lastKnownFileType = sourcecode.swift; path = Folder_Symbol_GeneratorTests.swift; sourceTree = "<group>"; };
		C9D933C929F1F17800E22EE0 /* Folder Symbol GeneratorUITests.xctest */ = {isa = PBXFileReference; explicitFileType = wrapper.cfbundle; includeInIndex = 0; path = "Folder Symbol GeneratorUITests.xctest"; sourceTree = BUILT_PRODUCTS_DIR; };
		C9D933CD29F1F17800E22EE0 /* Folder_Symbol_GeneratorUITests.swift */ = {isa = PBXFileReference; lastKnownFileType = sourcecode.swift; path = Folder_Symbol_GeneratorUITests.swift; sourceTree = "<group>"; };
		C9D933CF29F1F17800E22EE0 /* Folder_Symbol_GeneratorUITestsLaunchTests.swift */ = {isa = PBXFileReference; lastKnownFileType = sourcecode.swift; path = Folder_Symbol_GeneratorUITestsLaunchTests.swift; sourceTree = "<group>"; };
/* End PBXFileReference section */

/* Begin PBXFrameworksBuildPhase section */
		C9D933AB29F1F17600E22EE0 /* Frameworks */ = {
			isa = PBXFrameworksBuildPhase;
			buildActionMask = 2147483647;
			files = (
			);
			runOnlyForDeploymentPostprocessing = 0;
		};
		C9D933BC29F1F17800E22EE0 /* Frameworks */ = {
			isa = PBXFrameworksBuildPhase;
			buildActionMask = 2147483647;
			files = (
			);
			runOnlyForDeploymentPostprocessing = 0;
		};
		C9D933C629F1F17800E22EE0 /* Frameworks */ = {
			isa = PBXFrameworksBuildPhase;
			buildActionMask = 2147483647;
			files = (
			);
			runOnlyForDeploymentPostprocessing = 0;
		};
/* End PBXFrameworksBuildPhase section */

/* Begin PBXGroup section */
		C9D933A529F1F17600E22EE0 = {
			isa = PBXGroup;
			children = (
				C9D933B029F1F17600E22EE0 /* Folder Symbol Generator */,
				C9D933C229F1F17800E22EE0 /* Folder Symbol GeneratorTests */,
				C9D933CC29F1F17800E22EE0 /* Folder Symbol GeneratorUITests */,
				C9D933AF29F1F17600E22EE0 /* Products */,
			);
			sourceTree = "<group>";
		};
		C9D933AF29F1F17600E22EE0 /* Products */ = {
			isa = PBXGroup;
			children = (
				C9D933AE29F1F17600E22EE0 /* Folder Symbol Generator.app */,
				C9D933BF29F1F17800E22EE0 /* Folder Symbol GeneratorTests.xctest */,
				C9D933C929F1F17800E22EE0 /* Folder Symbol GeneratorUITests.xctest */,
			);
			name = Products;
			sourceTree = "<group>";
		};
		C9D933B029F1F17600E22EE0 /* Folder Symbol Generator */ = {
			isa = PBXGroup;
			children = (
				C9D933B129F1F17600E22EE0 /* Folder_Symbol_GeneratorApp.swift */,
				C9D933B329F1F17600E22EE0 /* ContentView.swift */,
				C9D933B529F1F17800E22EE0 /* Assets.xcassets */,
				C9D933BA29F1F17800E22EE0 /* Folder_Symbol_Generator.entitlements */,
				C9D933B729F1F17800E22EE0 /* Preview Content */,
			);
			path = "Folder Symbol Generator";
			sourceTree = "<group>";
		};
		C9D933B729F1F17800E22EE0 /* Preview Content */ = {
			isa = PBXGroup;
			children = (
				C9D933B829F1F17800E22EE0 /* Preview Assets.xcassets */,
			);
			path = "Preview Content";
			sourceTree = "<group>";
		};
		C9D933C229F1F17800E22EE0 /* Folder Symbol GeneratorTests */ = {
			isa = PBXGroup;
			children = (
				C9D933C329F1F17800E22EE0 /* Folder_Symbol_GeneratorTests.swift */,
			);
			path = "Folder Symbol GeneratorTests";
			sourceTree = "<group>";
		};
		C9D933CC29F1F17800E22EE0 /* Folder Symbol GeneratorUITests */ = {
			isa = PBXGroup;
			children = (
				C9D933CD29F1F17800E22EE0 /* Folder_Symbol_GeneratorUITests.swift */,
				C9D933CF29F1F17800E22EE0 /* Folder_Symbol_GeneratorUITestsLaunchTests.swift */,
			);
			path = "Folder Symbol GeneratorUITests";
			sourceTree = "<group>";
		};
/* End PBXGroup section */

/* Begin PBXNativeTarget section */
		C9D933AD29F1F17600E22EE0 /* Folder Symbol Generator */ = {
			isa = PBXNativeTarget;
			buildConfigurationList = C9D933D329F1F17800E22EE0 /* Build configuration list for PBXNativeTarget "Folder Symbol Generator" */;
			buildPhases = (
				C9D933AA29F1F17600E22EE0 /* Sources */,
				C9D933AB29F1F17600E22EE0 /* Frameworks */,
				C9D933AC29F1F17600E22EE0 /* Resources */,
			);
			buildRules = (
			);
			dependencies = (
			);
			name = "Folder Symbol Generator";
			productName = "Folder Symbol Generator";
			productReference = C9D933AE29F1F17600E22EE0 /* Folder Symbol Generator.app */;
			productType = "com.apple.product-type.application";
		};
		C9D933BE29F1F17800E22EE0 /* Folder Symbol GeneratorTests */ = {
			isa = PBXNativeTarget;
			buildConfigurationList = C9D933D629F1F17800E22EE0 /* Build configuration list for PBXNativeTarget "Folder Symbol GeneratorTests" */;
			buildPhases = (
				C9D933BB29F1F17800E22EE0 /* Sources */,
				C9D933BC29F1F17800E22EE0 /* Frameworks */,
				C9D933BD29F1F17800E22EE0 /* Resources */,
			);
			buildRules = (
			);
			dependencies = (
				C9D933C129F1F17800E22EE0 /* PBXTargetDependency */,
			);
			name = "Folder Symbol GeneratorTests";
			productName = "Folder Symbol GeneratorTests";
			productReference = C9D933BF29F1F17800E22EE0 /* Folder Symbol GeneratorTests.xctest */;
			productType = "com.apple.product-type.bundle.unit-test";
		};
		C9D933C829F1F17800E22EE0 /* Folder Symbol GeneratorUITests */ = {
			isa = PBXNativeTarget;
			buildConfigurationList = C9D933D929F1F17800E22EE0 /* Build configuration list for PBXNativeTarget "Folder Symbol GeneratorUITests" */;
			buildPhases = (
				C9D933C529F1F17800E22EE0 /* Sources */,
				C9D933C629F1F17800E22EE0 /* Frameworks */,
				C9D933C729F1F17800E22EE0 /* Resources */,
			);
			buildRules = (
			);
			dependencies = (
				C9D933CB29F1F17800E22EE0 /* PBXTargetDependency */,
			);
			name = "Folder Symbol GeneratorUITests";
			productName = "Folder Symbol GeneratorUITests";
			productReference = C9D933C929F1F17800E22EE0 /* Folder Symbol GeneratorUITests.xctest */;
			productType = "com.apple.product-type.bundle.ui-testing";
		};
/* End PBXNativeTarget section */

/* Begin PBXProject section */
		C9D933A629F1F17600E22EE0 /* Project object */ = {
			isa = PBXProject;
			attributes = {
				BuildIndependentTargetsInParallel = 1;
				LastSwiftUpdateCheck = 1430;
				LastUpgradeCheck = 1430;
				TargetAttributes = {
					C9D933AD29F1F17600E22EE0 = {
						CreatedOnToolsVersion = 14.3;
					};
					C9D933BE29F1F17800E22EE0 = {
						CreatedOnToolsVersion = 14.3;
						TestTargetID = C9D933AD29F1F17600E22EE0;
					};
					C9D933C829F1F17800E22EE0 = {
						CreatedOnToolsVersion = 14.3;
						TestTargetID = C9D933AD29F1F17600E22EE0;
					};
				};
			};
			buildConfigurationList = C9D933A929F1F17600E22EE0 /* Build configuration list for PBXProject "Folder Symbol Generator" */;
			compatibilityVersion = "Xcode 14.0";
			developmentRegion = en;
			hasScannedForEncodings = 0;
			knownRegions = (
				en,
				Base,
			);
			mainGroup = C9D933A529F1F17600E22EE0;
			productRefGroup = C9D933AF29F1F17600E22EE0 /* Products */;
			projectDirPath = "";
			projectRoot = "";
			targets = (
				C9D933AD29F1F17600E22EE0 /* Folder Symbol Generator */,
				C9D933BE29F1F17800E22EE0 /* Folder Symbol GeneratorTests */,
				C9D933C829F1F17800E22EE0 /* Folder Symbol GeneratorUITests */,
			);
		};
/* End PBXProject section */

/* Begin PBXResourcesBuildPhase section */
		C9D933AC29F1F17600E22EE0 /* Resources */ = {
			isa = PBXResourcesBuildPhase;
			buildActionMask = 2147483647;
			files = (
				C9D933B929F1F17800E22EE0 /* Preview Assets.xcassets in Resources */,
				C9D933B629F1F17800E22EE0 /* Assets.xcassets in Resources */,
			);
			runOnlyForDeploymentPostprocessing = 0;
		};
		C9D933BD29F1F17800E22EE0 /* Resources */ = {
			isa = PBXResourcesBuildPhase;
			buildActionMask = 2147483647;
			files = (
			);
			runOnlyForDeploymentPostprocessing = 0;
		};
		C9D933C729F1F17800E22EE0 /* Resources */ = {
			isa = PBXResourcesBuildPhase;
			buildActionMask = 2147483647;
			files = (
			);
			runOnlyForDeploymentPostprocessing = 0;
		};
/* End PBXResourcesBuildPhase section */

/* Begin PBXSourcesBuildPhase section */
		C9D933AA29F1F17600E22EE0 /* Sources */ = {
			isa = PBXSourcesBuildPhase;
			buildActionMask = 2147483647;
			files = (
				C9D933B429F1F17600E22EE0 /* ContentView.swift in Sources */,
				C9D933B229F1F17600E22EE0 /* Folder_Symbol_GeneratorApp.swift in Sources */,
			);
			runOnlyForDeploymentPostprocessing = 0;
		};
		C9D933BB29F1F17800E22EE0 /* Sources */ = {
			isa = PBXSourcesBuildPhase;
			buildActionMask = 2147483647;
			files = (
				C9D933C429F1F17800E22EE0 /* Folder_Symbol_GeneratorTests.swift in Sources */,
			);
			runOnlyForDeploymentPostprocessing = 0;
		};
		C9D933C529F1F17800E22EE0 /* Sources */ = {
			isa = PBXSourcesBuildPhase;
			buildActionMask = 2147483647;
			files = (
				C9D933D029F1F17800E22EE0 /* Folder_Symbol_GeneratorUITestsLaunchTests.swift in Sources */,
				C9D933CE29F1F17800E22EE0 /* Folder_Symbol_GeneratorUITests.swift in Sources */,
			);
			runOnlyForDeploymentPostprocessing = 0;
		};
/* End PBXSourcesBuildPhase section */

/* Begin PBXTargetDependency section */
		C9D933C129F1F17800E22EE0 /* PBXTargetDependency */ = {
			isa = PBXTargetDependency;
			target = C9D933AD29F1F17600E22EE0 /* Folder Symbol Generator */;
			targetProxy = C9D933C029F1F17800E22EE0 /* PBXContainerItemProxy */;
		};
		C9D933CB29F1F17800E22EE0 /* PBXTargetDependency */ = {
			isa = PBXTargetDependency;
			target = C9D933AD29F1F17600E22EE0 /* Folder Symbol Generator */;
			targetProxy = C9D933CA29F1F17800E22EE0 /* PBXContainerItemProxy */;
		};
/* End PBXTargetDependency section */

/* Begin XCBuildConfiguration section */
		C9D933D129F1F17800E22EE0 /* Debug */ = {
			isa = XCBuildConfiguration;
			buildSettings = {
				ALWAYS_SEARCH_USER_PATHS = NO;
				CLANG_ANALYZER_NONNULL = YES;
				CLANG_ANALYZER_NUMBER_OBJECT_CONVERSION = YES_AGGRESSIVE;
				CLANG_CXX_LANGUAGE_STANDARD = "gnu++20";
				CLANG_ENABLE_MODULES = YES;
				CLANG_ENABLE_OBJC_ARC = YES;
				CLANG_ENABLE_OBJC_WEAK = YES;
				CLANG_WARN_BLOCK_CAPTURE_AUTORELEASING = YES;
				CLANG_WARN_BOOL_CONVERSION = YES;
				CLANG_WARN_COMMA = YES;
				CLANG_WARN_CONSTANT_CONVERSION = YES;
				CLANG_WARN_DEPRECATED_OBJC_IMPLEMENTATIONS = YES;
				CLANG_WARN_DIRECT_OBJC_ISA_USAGE = YES_ERROR;
				CLANG_WARN_DOCUMENTATION_COMMENTS = YES;
				CLANG_WARN_EMPTY_BODY = YES;
				CLANG_WARN_ENUM_CONVERSION = YES;
				CLANG_WARN_INFINITE_RECURSION = YES;
				CLANG_WARN_INT_CONVERSION = YES;
				CLANG_WARN_NON_LITERAL_NULL_CONVERSION = YES;
				CLANG_WARN_OBJC_IMPLICIT_RETAIN_SELF = YES;
				CLANG_WARN_OBJC_LITERAL_CONVERSION = YES;
				CLANG_WARN_OBJC_ROOT_CLASS = YES_ERROR;
				CLANG_WARN_QUOTED_INCLUDE_IN_FRAMEWORK_HEADER = YES;
				CLANG_WARN_RANGE_LOOP_ANALYSIS = YES;
				CLANG_WARN_STRICT_PROTOTYPES = YES;
				CLANG_WARN_SUSPICIOUS_MOVE = YES;
				CLANG_WARN_UNGUARDED_AVAILABILITY = YES_AGGRESSIVE;
				CLANG_WARN_UNREACHABLE_CODE = YES;
				CLANG_WARN__DUPLICATE_METHOD_MATCH = YES;
				COPY_PHASE_STRIP = NO;
				DEBUG_INFORMATION_FORMAT = dwarf;
				ENABLE_STRICT_OBJC_MSGSEND = YES;
				ENABLE_TESTABILITY = YES;
				GCC_C_LANGUAGE_STANDARD = gnu11;
				GCC_DYNAMIC_NO_PIC = NO;
				GCC_NO_COMMON_BLOCKS = YES;
				GCC_OPTIMIZATION_LEVEL = 0;
				GCC_PREPROCESSOR_DEFINITIONS = (
					"DEBUG=1",
					"$(inherited)",
				);
				GCC_WARN_64_TO_32_BIT_CONVERSION = YES;
				GCC_WARN_ABOUT_RETURN_TYPE = YES_ERROR;
				GCC_WARN_UNDECLARED_SELECTOR = YES;
				GCC_WARN_UNINITIALIZED_AUTOS = YES_AGGRESSIVE;
				GCC_WARN_UNUSED_FUNCTION = YES;
				GCC_WARN_UNUSED_VARIABLE = YES;
				MACOSX_DEPLOYMENT_TARGET = 13.2;
				MTL_ENABLE_DEBUG_INFO = INCLUDE_SOURCE;
				MTL_FAST_MATH = YES;
				ONLY_ACTIVE_ARCH = YES;
				SDKROOT = macosx;
				SWIFT_ACTIVE_COMPILATION_CONDITIONS = DEBUG;
				SWIFT_OPTIMIZATION_LEVEL = "-Onone";
			};
			name = Debug;
		};
		C9D933D229F1F17800E22EE0 /* Release */ = {
			isa = XCBuildConfiguration;
			buildSettings = {
				ALWAYS_SEARCH_USER_PATHS = NO;
				CLANG_ANALYZER_NONNULL = YES;
				CLANG_ANALYZER_NUMBER_OBJECT_CONVERSION = YES_AGGRESSIVE;
				CLANG_CXX_LANGUAGE_STANDARD = "gnu++20";
				CLANG_ENABLE_MODULES = YES;
				CLANG_ENABLE_OBJC_ARC = YES;
				CLANG_ENABLE_OBJC_WEAK = YES;
				CLANG_WARN_BLOCK_CAPTURE_AUTORELEASING = YES;
				CLANG_WARN_BOOL_CONVERSION = YES;
				CLANG_WARN_COMMA = YES;
				CLANG_WARN_CONSTANT_CONVERSION = YES;
				CLANG_WARN_DEPRECATED_OBJC_IMPLEMENTATIONS = YES;
				CLANG_WARN_DIRECT_OBJC_ISA_USAGE = YES_ERROR;
				CLANG_WARN_DOCUMENTATION_COMMENTS = YES;
				CLANG_WARN_EMPTY_BODY = YES;
				CLANG_WARN_ENUM_CONVERSION = YES;
				CLANG_WARN_INFINITE_RECURSION = YES;
				CLANG_WARN_INT_CONVERSION = YES;
				CLANG_WARN_NON_LITERAL_NULL_CONVERSION = YES;
				CLANG_WARN_OBJC_IMPLICIT_RETAIN_SELF = YES;
				CLANG_WARN_OBJC_LITERAL_CONVERSION = YES;
				CLANG_WARN_OBJC_ROOT_CLASS = YES_ERROR;
				CLANG_WARN_QUOTED_INCLUDE_IN_FRAMEWORK_HEADER = YES;
				CLANG_WARN_RANGE_LOOP_ANALYSIS = YES;
				CLANG_WARN_STRICT_PROTOTYPES = YES;
				CLANG_WARN_SUSPICIOUS_MOVE = YES;
				CLANG_WARN_UNGUARDED_AVAILABILITY = YES_AGGRESSIVE;
				CLANG_WARN_UNREACHABLE_CODE = YES;
				CLANG_WARN__DUPLICATE_METHOD_MATCH = YES;
				COPY_PHASE_STRIP = NO;
				DEBUG_INFORMATION_FORMAT = "dwarf-with-dsym";
				ENABLE_NS_ASSERTIONS = NO;
				ENABLE_STRICT_OBJC_MSGSEND = YES;
				GCC_C_LANGUAGE_STANDARD = gnu11;
				GCC_NO_COMMON_BLOCKS = YES;
				GCC_WARN_64_TO_32_BIT_CONVERSION = YES;
				GCC_WARN_ABOUT_RETURN_TYPE = YES_ERROR;
				GCC_WARN_UNDECLARED_SELECTOR = YES;
				GCC_WARN_UNINITIALIZED_AUTOS = YES_AGGRESSIVE;
				GCC_WARN_UNUSED_FUNCTION = YES;
				GCC_WARN_UNUSED_VARIABLE = YES;
				MACOSX_DEPLOYMENT_TARGET = 13.2;
				MTL_ENABLE_DEBUG_INFO = NO;
				MTL_FAST_MATH = YES;
				SDKROOT = macosx;
				SWIFT_COMPILATION_MODE = wholemodule;
				SWIFT_OPTIMIZATION_LEVEL = "-O";
			};
			name = Release;
		};
		C9D933D429F1F17800E22EE0 /* Debug */ = {
			isa = XCBuildConfiguration;
			buildSettings = {
				ASSETCATALOG_COMPILER_APPICON_NAME = AppIcon;
				ASSETCATALOG_COMPILER_GLOBAL_ACCENT_COLOR_NAME = AccentColor;
				CODE_SIGN_ENTITLEMENTS = "Folder Symbol Generator/Folder_Symbol_Generator.entitlements";
				CODE_SIGN_STYLE = Automatic;
				COMBINE_HIDPI_IMAGES = YES;
				CURRENT_PROJECT_VERSION = 1;
				DEVELOPMENT_ASSET_PATHS = "\"Folder Symbol Generator/Preview Content\"";
				DEVELOPMENT_TEAM = N5BBRS4WQK;
				ENABLE_HARDENED_RUNTIME = YES;
				ENABLE_PREVIEWS = YES;
				GENERATE_INFOPLIST_FILE = YES;
				INFOPLIST_KEY_NSHumanReadableCopyright = "";
				LD_RUNPATH_SEARCH_PATHS = (
					"$(inherited)",
					"@executable_path/../Frameworks",
				);
				MARKETING_VERSION = 1.0;
				PRODUCT_BUNDLE_IDENTIFIER = "com.mluke.Folder-Symbol-Generator";
				PRODUCT_NAME = "$(TARGET_NAME)";
				SWIFT_EMIT_LOC_STRINGS = YES;
				SWIFT_VERSION = 5.0;
			};
			name = Debug;
		};
		C9D933D529F1F17800E22EE0 /* Release */ = {
			isa = XCBuildConfiguration;
			buildSettings = {
				ASSETCATALOG_COMPILER_APPICON_NAME = AppIcon;
				ASSETCATALOG_COMPILER_GLOBAL_ACCENT_COLOR_NAME = AccentColor;
				CODE_SIGN_ENTITLEMENTS = "Folder Symbol Generator/Folder_Symbol_Generator.entitlements";
				CODE_SIGN_STYLE = Automatic;
				COMBINE_HIDPI_IMAGES = YES;
				CURRENT_PROJECT_VERSION = 1;
				DEVELOPMENT_ASSET_PATHS = "\"Folder Symbol Generator/Preview Content\"";
				DEVELOPMENT_TEAM = N5BBRS4WQK;
				ENABLE_HARDENED_RUNTIME = YES;
				ENABLE_PREVIEWS = YES;
				GENERATE_INFOPLIST_FILE = YES;
				INFOPLIST_KEY_NSHumanReadableCopyright = "";
				LD_RUNPATH_SEARCH_PATHS = (
					"$(inherited)",
					"@executable_path/../Frameworks",
				);
				MARKETING_VERSION = 1.0;
				PRODUCT_BUNDLE_IDENTIFIER = "com.mluke.Folder-Symbol-Generator";
				PRODUCT_NAME = "$(TARGET_NAME)";
				SWIFT_EMIT_LOC_STRINGS = YES;
				SWIFT_VERSION = 5.0;
			};
			name = Release;
		};
		C9D933D729F1F17800E22EE0 /* Debug */ = {
			isa = XCBuildConfiguration;
			buildSettings = {
				ALWAYS_EMBED_SWIFT_STANDARD_LIBRARIES = YES;
				BUNDLE_LOADER = "$(TEST_HOST)";
				CODE_SIGN_STYLE = Automatic;
				CURRENT_PROJECT_VERSION = 1;
				DEVELOPMENT_TEAM = N5BBRS4WQK;
				GENERATE_INFOPLIST_FILE = YES;
				MACOSX_DEPLOYMENT_TARGET = 13.2;
				MARKETING_VERSION = 1.0;
				PRODUCT_BUNDLE_IDENTIFIER = "com.mluke.Folder-Symbol-GeneratorTests";
				PRODUCT_NAME = "$(TARGET_NAME)";
				SWIFT_EMIT_LOC_STRINGS = NO;
				SWIFT_VERSION = 5.0;
				TEST_HOST = "$(BUILT_PRODUCTS_DIR)/Folder Symbol Generator.app/$(BUNDLE_EXECUTABLE_FOLDER_PATH)/Folder Symbol Generator";
			};
			name = Debug;
		};
		C9D933D829F1F17800E22EE0 /* Release */ = {
			isa = XCBuildConfiguration;
			buildSettings = {
				ALWAYS_EMBED_SWIFT_STANDARD_LIBRARIES = YES;
				BUNDLE_LOADER = "$(TEST_HOST)";
				CODE_SIGN_STYLE = Automatic;
				CURRENT_PROJECT_VERSION = 1;
				DEVELOPMENT_TEAM = N5BBRS4WQK;
				GENERATE_INFOPLIST_FILE = YES;
				MACOSX_DEPLOYMENT_TARGET = 13.2;
				MARKETING_VERSION = 1.0;
				PRODUCT_BUNDLE_IDENTIFIER = "com.mluke.Folder-Symbol-GeneratorTests";
				PRODUCT_NAME = "$(TARGET_NAME)";
				SWIFT_EMIT_LOC_STRINGS = NO;
				SWIFT_VERSION = 5.0;
				TEST_HOST = "$(BUILT_PRODUCTS_DIR)/Folder Symbol Generator.app/$(BUNDLE_EXECUTABLE_FOLDER_PATH)/Folder Symbol Generator";
			};
			name = Release;
		};
		C9D933DA29F1F17800E22EE0 /* Debug */ = {
			isa = XCBuildConfiguration;
			buildSettings = {
				ALWAYS_EMBED_SWIFT_STANDARD_LIBRARIES = YES;
				CODE_SIGN_STYLE = Automatic;
				CURRENT_PROJECT_VERSION = 1;
				DEVELOPMENT_TEAM = N5BBRS4WQK;
				GENERATE_INFOPLIST_FILE = YES;
				MARKETING_VERSION = 1.0;
				PRODUCT_BUNDLE_IDENTIFIER = "com.mluke.Folder-Symbol-GeneratorUITests";
				PRODUCT_NAME = "$(TARGET_NAME)";
				SWIFT_EMIT_LOC_STRINGS = NO;
				SWIFT_VERSION = 5.0;
				TEST_TARGET_NAME = "Folder Symbol Generator";
			};
			name = Debug;
		};
		C9D933DB29F1F17800E22EE0 /* Release */ = {
			isa = XCBuildConfiguration;
			buildSettings = {
				ALWAYS_EMBED_SWIFT_STANDARD_LIBRARIES = YES;
				CODE_SIGN_STYLE = Automatic;
				CURRENT_PROJECT_VERSION = 1;
				DEVELOPMENT_TEAM = N5BBRS4WQK;
				GENERATE_INFOPLIST_FILE = YES;
				MARKETING_VERSION = 1.0;
				PRODUCT_BUNDLE_IDENTIFIER = "com.mluke.Folder-Symbol-GeneratorUITests";
				PRODUCT_NAME = "$(TARGET_NAME)";
				SWIFT_EMIT_LOC_STRINGS = NO;
				SWIFT_VERSION = 5.0;
				TEST_TARGET_NAME = "Folder Symbol Generator";
			};
			name = Release;
		};
/* End XCBuildConfiguration section */

/* Begin XCConfigurationList section */
		C9D933A929F1F17600E22EE0 /* Build configuration list for PBXProject "Folder Symbol Generator" */ = {
			isa = XCConfigurationList;
			buildConfigurations = (
				C9D933D129F1F17800E22EE0 /* Debug */,
				C9D933D229F1F17800E22EE0 /* Release */,
			);
			defaultConfigurationIsVisible = 0;
			defaultConfigurationName = Release;
		};
		C9D933D329F1F17800E22EE0 /* Build configuration list for PBXNativeTarget "Folder Symbol Generator" */ = {
			isa = XCConfigurationList;
			buildConfigurations = (
				C9D933D429F1F17800E22EE0 /* Debug */,
				C9D933D529F1F17800E22EE0 /* Release */,
			);
			defaultConfigurationIsVisible = 0;
			defaultConfigurationName = Release;
		};
		C9D933D629F1F17800E22EE0 /* Build configuration list for PBXNativeTarget "Folder Symbol GeneratorTests" */ = {
			isa = XCConfigurationList;
			buildConfigurations = (
				C9D933D729F1F17800E22EE0 /* Debug */,
				C9D933D829F1F17800E22EE0 /* Release */,
			);
			defaultConfigurationIsVisible = 0;
			defaultConfigurationName = Release;
		};
		C9D933D929F1F17800E22EE0 /* Build configuration list for PBXNativeTarget "Folder Symbol GeneratorUITests" */ = {
			isa = XCConfigurationList;
			buildConfigurations = (
				C9D933DA29F1F17800E22EE0 /* Debug */,
				C9D933DB29F1F17800E22EE0 /* Release */,
			);
			defaultConfigurationIsVisible = 0;
			defaultConfigurationName = Release;
		};
/* End XCConfigurationList section */
	};
	rootObject = C9D933A629F1F17600E22EE0 /* Project object */;
}
